{
  "name": "uaag-quick-ref",
  "lockfileVersion": 2,
  "requires": true,
  "packages": {
    "": {
      "dependencies": {
        "uaag-as-json": "^0.1.4"
      }
    },
    "node_modules/uaag-as-json": {
      "version": "0.1.4",
      "resolved": "https://registry.npmjs.org/uaag-as-json/-/uaag-as-json-0.1.4.tgz",
      "integrity": "sha512-R11kqUmahYoD4GIK4L9GE2+Ix2BBWIR7N32qRxG9ydkQSFeXPbLo0RDj2F6QqeClsw4zX/q7Hd1YDdFthcV/8Q=="
    }
  },
  "dependencies": {
    "uaag-as-json": {
      "version": "0.1.4",
      "resolved": "https://registry.npmjs.org/uaag-as-json/-/uaag-as-json-0.1.4.tgz",
      "integrity": "sha512-R11kqUmahYoD4GIK4L9GE2+Ix2BBWIR7N32qRxG9ydkQSFeXPbLo0RDj2F6QqeClsw4zX/q7Hd1YDdFthcV/8Q=="
    }
  }
}
